{
  "name": "chai_aur_backend",
  "version": "1.0.0",
  "lockfileVersion": 3,
  "requires": true,
  "packages": {
    "": {
      "name": "chai_aur_backend",
      "version": "1.0.0",
      "license": "ISC",
      "dependencies": {
        "pretier": "^0.0.1",
        "prettier": "^3.2.4"
      }
    },
    "node_modules/pretier": {
      "version": "0.0.1",
      "resolved": "https://registry.npmjs.org/pretier/-/pretier-0.0.1.tgz",
      "integrity": "sha512-sx6A34i/SbtIbiNrwwPJ9gpGKXfezVFFsv5/7v+qwu5vcwp6RJftQ60LvRbV4LQngUnJVRyU23AsUG3t+zNHEA=="
    },
    "node_modules/prettier": {
      "version": "3.2.4",
      "resolved": "https://registry.npmjs.org/prettier/-/prettier-3.2.4.tgz",
      "integrity": "sha512-FWu1oLHKCrtpO1ypU6J0SbK2d9Ckwysq6bHj/uaCP26DxrPpppCLQRGVuqAxSTvhF00AcvDRyYrLNW7ocBhFFQ==",
      "bin": {
        "prettier": "bin/prettier.cjs"
      },
      "engines": {
        "node": ">=14"
      },
      "funding": {
        "url": "https://github.com/prettier/prettier?sponsor=1"
      }
    }
  }
}
